# THIS IS AN AUTOGENERATED FILE. DO NOT EDIT THIS FILE DIRECTLY.
# yarn lockfile v1


zod@^4.4.1:
  version "4.4.1"
  resolved "https://registry.yarnpkg.com/zod/-/zod-4.4.1.tgz#3c9bcf62b846273c7c8056d5b698bbae19db1d8b"
  integrity sha512-a6ENMBBGZBsnlSebQ/eKCguSBeGKSf4O7BPnqVPmYGtpBYI7VSqoVqw+QcB7kPRjbqPwhYTpFbVj/RqNz/CT0Q==
